
Microsoft Visual Studio Solution File, Format Version 12.00
# Visual Studio Version 16
VisualStudioVersion = 16.0.29709.97
MinimumVisualStudioVersion = 10.0.40219.1
Project("{FAE04EC0-301F-11D3-BF4B-00C04F79EFBC}") = "Spark", "Spark.csproj", "{BD394B61-8683-4C96-B147-47FB56191E20}"
EndProject
Global
	GlobalSection(SolutionConfigurationPlatforms) = preSolution
		Debug|Any CPU = Debug|Any CPU
		Release|Any CPU = Release|Any CPU
	EndGlobalSection
	GlobalSection(ProjectConfigurationPlatforms) = postSolution
		{BD394B61-8683-4C96-B147-47FB56191E20}.Debug|Any CPU.ActiveCfg = Debug|Any CPU
		{BD394B61-8683-4C96-B147-47FB56191E20}.Debug|Any CPU.Build.0 = Debug|Any CPU
		{BD394B61-8683-4C96-B147-47FB56191E20}.Release|Any CPU.ActiveCfg = Release|Any CPU
		{BD394B61-8683-4C96-B147-47FB56191E20}.Release|Any CPU.Build.0 = Release|Any CPU
	EndGlobalSection
	GlobalSection(SolutionProperties) = preSolution
		HideSolutionNode = FALSE
	EndGlobalSection
	GlobalSection(ExtensibilityGlobals) = postSolution
		SolutionGuid = {48F821AC-B6E7-4388-9F35-AD458E7B044D}
	EndGlobalSection
EndGlobal
